
Microsoft Visual Studio Solution File, Format Version 12.00
# Visual Studio 15
VisualStudioVersion = 15.0.28307.705
MinimumVisualStudioVersion = 10.0.40219.1
Project("{FAE04EC0-301F-11D3-BF4B-00C04F79EFBC}") = "SqlSugarTest", "SqlSugarTest\SqlSugarTest.csproj", "{84ED7E29-9CC1-4D17-ABD9-70C26F7A9284}"
EndProject
Global
	GlobalSection(SolutionConfigurationPlatforms) = preSolution
		Debug|Any CPU = Debug|Any CPU
		Release|Any CPU = Release|Any CPU
	EndGlobalSection
	GlobalSection(ProjectConfigurationPlatforms) = postSolution
		{84ED7E29-9CC1-4D17-ABD9-70C26F7A9284}.Debug|Any CPU.ActiveCfg = Debug|Any CPU
		{84ED7E29-9CC1-4D17-ABD9-70C26F7A9284}.Debug|Any CPU.Build.0 = Debug|Any CPU
		{84ED7E29-9CC1-4D17-ABD9-70C26F7A9284}.Release|Any CPU.ActiveCfg = Release|Any CPU
		{84ED7E29-9CC1-4D17-ABD9-70C26F7A9284}.Release|Any CPU.Build.0 = Release|Any CPU
	EndGlobalSection
	GlobalSection(SolutionProperties) = preSolution
		HideSolutionNode = FALSE
	EndGlobalSection
	GlobalSection(ExtensibilityGlobals) = postSolution
		SolutionGuid = {0AD3ADC6-7260-4234-B459-717CD8B46E3E}
	EndGlobalSection
EndGlobal
